# THIS IS AN AUTOGENERATED FILE. DO NOT EDIT THIS FILE DIRECTLY.
# yarn lockfile v1


expiry-map@^2.0.0:
  version "2.0.0"
  resolved "https://registry.yarnpkg.com/expiry-map/-/expiry-map-2.0.0.tgz#b441ee8e8865291ad9a542783076d33bae0f3582"
  integrity sha512-K1I5wJe2fiqjyUZf/xhxwTpaopw3F+19DsO7Oggl20+3SVTXDIevVRJav0aBMfposQdkl2E4+gnuOKd3j2X0sA==
  dependencies:
    map-age-cleaner "^0.2.0"

map-age-cleaner@^0.2.0:
  version "0.2.0"
  resolved "https://registry.yarnpkg.com/map-age-cleaner/-/map-age-cleaner-0.2.0.tgz#0196bc278f7244ddeb7ca0cb3df329b06241a44b"
  integrity sha512-AvxTC6id0fzSf6OyNBTp1syyCuKO7nOJvHgYlhT0Qkkjvk40zZo+av3ayVgXlxnF/DxEzEfY9mMdd7FHsd+wKQ==
  dependencies:
    p-defer "^1.0.0"

mimic-fn@^4.0.0:
  version "4.0.0"
  resolved "https://registry.yarnpkg.com/mimic-fn/-/mimic-fn-4.0.0.tgz#60a90550d5cb0b239cca65d893b1a53b29871ecc"
  integrity sha512-vqiC06CuhBTUdZH+RYl8sFrL096vA45Ok5ISO6sE/Mr1jRbGH4Csnhi8f3wKVl7x8mO4Au7Ir9D3Oyv1VYMFJw==

p-defer@^1.0.0:
  version "1.0.0"
  resolved "https://registry.yarnpkg.com/p-defer/-/p-defer-1.0.0.tgz#9f6eb182f6c9aa8cd743004a7d4f96b196b0fb0c"
  integrity sha512-wB3wfAxZpk2AzOfUMJNL+d36xothRSyj8EXOa4f6GMqYDN9BJaaSISbsk+wS9abmnebVw95C2Kb5t85UmpCxuw==

p-memoize@^6.0.1:
  version "6.0.1"
  resolved "https://registry.yarnpkg.com/p-memoize/-/p-memoize-6.0.1.tgz#786410dcc98d70e1e15cb81de6b38eaad8826e8e"
  integrity sha512-DG0wxA5fIYor0ypRltebDEZs45ZFRvgztFGv/+glYMdUCIaI9eZKIsNJ2IVihw6LYVUgfhIHtPG5XUgvN+pLtQ==
  dependencies:
    mimic-fn "^4.0.0"
